
Microsoft Visual Studio Solution File, Format Version 12.00
# Visual Studio Version 16
VisualStudioVersion = 16.0.30711.63
MinimumVisualStudioVersion = 10.0.40219.1
Project("{9A19103F-16F7-4668-BE54-9A1E7A4F7556}") = "InAsm", "InAsm\InAsm.csproj", "{B00BA65A-5723-4E3B-B96F-A5301DAFF55D}"
EndProject
Project("{9A19103F-16F7-4668-BE54-9A1E7A4F7556}") = "Generator", "Generator\Generator.csproj", "{03A4EFF0-59BD-4D3C-8E7E-FF54C5A4EE44}"
EndProject
Global
	GlobalSection(SolutionConfigurationPlatforms) = preSolution
		Debug|Any CPU = Debug|Any CPU
		Release|Any CPU = Release|Any CPU
	EndGlobalSection
	GlobalSection(ProjectConfigurationPlatforms) = postSolution
		{B00BA65A-5723-4E3B-B96F-A5301DAFF55D}.Debug|Any CPU.ActiveCfg = Debug|x64
		{B00BA65A-5723-4E3B-B96F-A5301DAFF55D}.Debug|Any CPU.Build.0 = Debug|x64
		{B00BA65A-5723-4E3B-B96F-A5301DAFF55D}.Release|Any CPU.ActiveCfg = Release|Any CPU
		{B00BA65A-5723-4E3B-B96F-A5301DAFF55D}.Release|Any CPU.Build.0 = Release|Any CPU
		{03A4EFF0-59BD-4D3C-8E7E-FF54C5A4EE44}.Debug|Any CPU.ActiveCfg = Debug|x64
		{03A4EFF0-59BD-4D3C-8E7E-FF54C5A4EE44}.Debug|Any CPU.Build.0 = Debug|x64
		{03A4EFF0-59BD-4D3C-8E7E-FF54C5A4EE44}.Release|Any CPU.ActiveCfg = Release|Any CPU
		{03A4EFF0-59BD-4D3C-8E7E-FF54C5A4EE44}.Release|Any CPU.Build.0 = Release|Any CPU
	EndGlobalSection
	GlobalSection(SolutionProperties) = preSolution
		HideSolutionNode = FALSE
	EndGlobalSection
	GlobalSection(ExtensibilityGlobals) = postSolution
		SolutionGuid = {A1C2E42B-BFAD-4D7A-BF13-959BD76DD63F}
	EndGlobalSection
EndGlobal
